<<<<<<< HEAD
Microsoft Visual Studio Solution File, Format Version 11.00
# Visual Studio 2008

Project("{62CA1C81-A450-E4D2-B519-A705CA2AFE7C}") = "ArmadilloBall", "Assembly-CSharp.csproj", "{5E29661C-7161-38A2-CD18-BAB4FC8D1C5B}"
EndProject
Global
	GlobalSection(SolutionConfigurationPlatforms) = preSolution
		Debug|Any CPU = Debug|Any CPU
		Release|Any CPU = Release|Any CPU
	EndGlobalSection
	GlobalSection(ProjectConfigurationPlatforms) = postSolution
		{5E29661C-7161-38A2-CD18-BAB4FC8D1C5B}.Debug|Any CPU.ActiveCfg = Debug|Any CPU
		{5E29661C-7161-38A2-CD18-BAB4FC8D1C5B}.Debug|Any CPU.Build.0 = Debug|Any CPU
		{5E29661C-7161-38A2-CD18-BAB4FC8D1C5B}.Release|Any CPU.ActiveCfg = Release|Any CPU
		{5E29661C-7161-38A2-CD18-BAB4FC8D1C5B}.Release|Any CPU.Build.0 = Release|Any CPU
	EndGlobalSection
	GlobalSection(SolutionProperties) = preSolution
		HideSolutionNode = FALSE
	EndGlobalSection
	GlobalSection(MonoDevelopProperties) = preSolution
		StartupItem = Assembly-CSharp.csproj
	EndGlobalSection
EndGlobal
=======
﻿
Microsoft Visual Studio Solution File, Format Version 12.00
# Visual Studio 2015
Project("{FAE04EC0-301F-11D3-BF4B-00C04F79EFBC}") = "ArmadilloBall.CSharp", "ArmadilloBall.CSharp.csproj", "{74A700A8-CDBF-17CE-1D4E-84C635964F49}"
EndProject
Global
	GlobalSection(SolutionConfigurationPlatforms) = preSolution
		Debug|Any CPU = Debug|Any CPU
		Release|Any CPU = Release|Any CPU
	EndGlobalSection
	GlobalSection(ProjectConfigurationPlatforms) = postSolution
		{74A700A8-CDBF-17CE-1D4E-84C635964F49}.Debug|Any CPU.ActiveCfg = Debug|Any CPU
		{74A700A8-CDBF-17CE-1D4E-84C635964F49}.Debug|Any CPU.Build.0 = Debug|Any CPU
		{74A700A8-CDBF-17CE-1D4E-84C635964F49}.Release|Any CPU.ActiveCfg = Release|Any CPU
		{74A700A8-CDBF-17CE-1D4E-84C635964F49}.Release|Any CPU.Build.0 = Release|Any CPU
	EndGlobalSection
	GlobalSection(SolutionProperties) = preSolution
		HideSolutionNode = FALSE
	EndGlobalSection
EndGlobal
>>>>>>> 497a1285f493de995615063bea1d90684846000d
